PODS:
  - LLAEasyAlertManager (1.0.0)

DEPENDENCIES:
  - LLAEasyAlertManager (from `../`)

EXTERNAL SOURCES:
  LLAEasyAlertManager:
    :path: "../"

SPEC CHECKSUMS:
  LLAEasyAlertManager: ecd8b35df1f497e857175156fb976b69c30ed613

PODFILE CHECKSUM: 32290edfa69c020a590fe080fbf8f8077f03a60e

COCOAPODS: 1.5.3
