PODS:
  - LLAEasyAlertManager (1.0.1)

DEPENDENCIES:
  - LLAEasyAlertManager (from `../`)

EXTERNAL SOURCES:
  LLAEasyAlertManager:
    :path: "../"

SPEC CHECKSUMS:
  LLAEasyAlertManager: f763daa61dce59f0796310f051098c248035069e

PODFILE CHECKSUM: 32290edfa69c020a590fe080fbf8f8077f03a60e

COCOAPODS: 1.5.3
