PODS:
  - LLAEasyAlertManager (1.0.2)

DEPENDENCIES:
  - LLAEasyAlertManager (from `../`)

EXTERNAL SOURCES:
  LLAEasyAlertManager:
    :path: "../"

SPEC CHECKSUMS:
  LLAEasyAlertManager: dcc78ef993410f3c22c4e4c797e32c6f57422cf9

PODFILE CHECKSUM: 32290edfa69c020a590fe080fbf8f8077f03a60e

COCOAPODS: 1.5.3
